
Microsoft Visual Studio Solution File, Format Version 12.00
# Visual Studio Version 18
VisualStudioVersion = 18.10.12120.281 insiders
MinimumVisualStudioVersion = 10.0.40219.1
Project("{FAE04EC0-301F-11D3-BF4B-00C04F79EFBC}") = "BookQuote.Api", "BookQuote\BookQuote.Api.csproj", "{9861E193-A995-4C8B-945E-95A9EAD4478E}"
EndProject
Project("{FAE04EC0-301F-11D3-BF4B-00C04F79EFBC}") = "BookQuote.Data", "BookQuote.Data\BookQuote.Data.csproj", "{7FB395C2-37D3-40EC-99BC-924CB6D29A73}"
EndProject
Global
	GlobalSection(SolutionConfigurationPlatforms) = preSolution
		Debug|Any CPU = Debug|Any CPU
		Debug|x64 = Debug|x64
		Debug|x86 = Debug|x86
		Release|Any CPU = Release|Any CPU
		Release|x64 = Release|x64
		Release|x86 = Release|x86
	EndGlobalSection
	GlobalSection(ProjectConfigurationPlatforms) = postSolution
		{9861E193-A995-4C8B-945E-95A9EAD4478E}.Debug|Any CPU.ActiveCfg = Debug|Any CPU
		{9861E193-A995-4C8B-945E-95A9EAD4478E}.Debug|Any CPU.Build.0 = Debug|Any CPU
		{9861E193-A995-4C8B-945E-95A9EAD4478E}.Debug|x64.ActiveCfg = Debug|Any CPU
		{9861E193-A995-4C8B-945E-95A9EAD4478E}.Debug|x64.Build.0 = Debug|Any CPU
		{9861E193-A995-4C8B-945E-95A9EAD4478E}.Debug|x86.ActiveCfg = Debug|Any CPU
		{9861E193-A995-4C8B-945E-95A9EAD4478E}.Debug|x86.Build.0 = Debug|Any CPU
		{9861E193-A995-4C8B-945E-95A9EAD4478E}.Release|Any CPU.ActiveCfg = Release|Any CPU
		{9861E193-A995-4C8B-945E-95A9EAD4478E}.Release|Any CPU.Build.0 = Release|Any CPU
		{9861E193-A995-4C8B-945E-95A9EAD4478E}.Release|x64.ActiveCfg = Release|Any CPU
		{9861E193-A995-4C8B-945E-95A9EAD4478E}.Release|x64.Build.0 = Release|Any CPU
		{9861E193-A995-4C8B-945E-95A9EAD4478E}.Release|x86.ActiveCfg = Release|Any CPU
		{9861E193-A995-4C8B-945E-95A9EAD4478E}.Release|x86.Build.0 = Release|Any CPU
		{7FB395C2-37D3-40EC-99BC-924CB6D29A73}.Debug|Any CPU.ActiveCfg = Debug|Any CPU
		{7FB395C2-37D3-40EC-99BC-924CB6D29A73}.Debug|Any CPU.Build.0 = Debug|Any CPU
		{7FB395C2-37D3-40EC-99BC-924CB6D29A73}.Debug|x64.ActiveCfg = Debug|Any CPU
		{7FB395C2-37D3-40EC-99BC-924CB6D29A73}.Debug|x64.Build.0 = Debug|Any CPU
		{7FB395C2-37D3-40EC-99BC-924CB6D29A73}.Debug|x86.ActiveCfg = Debug|Any CPU
		{7FB395C2-37D3-40EC-99BC-924CB6D29A73}.Debug|x86.Build.0 = Debug|Any CPU
		{7FB395C2-37D3-40EC-99BC-924CB6D29A73}.Release|Any CPU.ActiveCfg = Release|Any CPU
		{7FB395C2-37D3-40EC-99BC-924CB6D29A73}.Release|Any CPU.Build.0 = Release|Any CPU
		{7FB395C2-37D3-40EC-99BC-924CB6D29A73}.Release|x64.ActiveCfg = Release|Any CPU
		{7FB395C2-37D3-40EC-99BC-924CB6D29A73}.Release|x64.Build.0 = Release|Any CPU
		{7FB395C2-37D3-40EC-99BC-924CB6D29A73}.Release|x86.ActiveCfg = Release|Any CPU
		{7FB395C2-37D3-40EC-99BC-924CB6D29A73}.Release|x86.Build.0 = Release|Any CPU
	EndGlobalSection
	GlobalSection(SolutionProperties) = preSolution
		HideSolutionNode = FALSE
	EndGlobalSection
	GlobalSection(ExtensibilityGlobals) = postSolution
		SolutionGuid = {79180A1F-2F04-4E8C-92A9-EE16868D5300}
	EndGlobalSection
EndGlobal
